
Microsoft Visual Studio Solution File, Format Version 12.00
# Visual Studio Version 17
VisualStudioVersion = 17.0.31903.59
MinimumVisualStudioVersion = 10.0.40219.1
Project("{2150E333-8FDC-42A3-9474-1A3956D46DE8}") = "src", "src", "{827E0CD3-B72D-47B6-A68D-7590B98EB39B}"
EndProject
Project("{FAE04EC0-301F-11D3-BF4B-00C04F79EFBC}") = "TheIsleOverlay.App", "src\TheIsleOverlay.App\TheIsleOverlay.App.csproj", "{85B4B5B5-AF24-4E54-A1D3-D1905CE1F9DF}"
EndProject
Project("{FAE04EC0-301F-11D3-BF4B-00C04F79EFBC}") = "TheIsleOverlay.Core", "src\TheIsleOverlay.Core\TheIsleOverlay.Core.csproj", "{50D9C614-BE6B-4069-BB6A-C6F3708C18DA}"
EndProject
Project("{FAE04EC0-301F-11D3-BF4B-00C04F79EFBC}") = "TheIsleOverlay.EraGaming", "src\TheIsleOverlay.EraGaming\TheIsleOverlay.EraGaming.csproj", "{68ADB16F-68E5-40E9-BF1D-26CA0C78B592}"
EndProject
Project("{2150E333-8FDC-42A3-9474-1A3956D46DE8}") = "tests", "tests", "{0AB3BF05-4346-4AA6-1389-037BE0695223}"
EndProject
Project("{FAE04EC0-301F-11D3-BF4B-00C04F79EFBC}") = "TheIsleOverlay.Tests", "tests\TheIsleOverlay.Tests\TheIsleOverlay.Tests.csproj", "{7A344C93-458A-4942-9664-2989274ED284}"
EndProject
Project("{FAE04EC0-301F-11D3-BF4B-00C04F79EFBC}") = "TheIsleOverlay.IslePilot", "src\TheIsleOverlay.IslePilot\TheIsleOverlay.IslePilot.csproj", "{3322405A-04C5-4392-9253-1F46D9732245}"
EndProject
Project("{FAE04EC0-301F-11D3-BF4B-00C04F79EFBC}") = "TheIsleOverlay.App.Tests", "tests\TheIsleOverlay.App.Tests\TheIsleOverlay.App.Tests.csproj", "{F505D88C-9E9D-4528-8B76-8EEB9145DB40}"
EndProject
Project("{FAE04EC0-301F-11D3-BF4B-00C04F79EFBC}") = "TheIsleOverlay.Pandora", "src\TheIsleOverlay.Pandora\TheIsleOverlay.Pandora.csproj", "{8ACB1F45-6A63-42E6-BF61-3CDEE9201FA1}"
EndProject
Global
	GlobalSection(SolutionConfigurationPlatforms) = preSolution
		Debug|Any CPU = Debug|Any CPU
		Debug|x64 = Debug|x64
		Debug|x86 = Debug|x86
		Release|Any CPU = Release|Any CPU
		Release|x64 = Release|x64
		Release|x86 = Release|x86
	EndGlobalSection
	GlobalSection(ProjectConfigurationPlatforms) = postSolution
		{85B4B5B5-AF24-4E54-A1D3-D1905CE1F9DF}.Debug|Any CPU.ActiveCfg = Debug|Any CPU
		{85B4B5B5-AF24-4E54-A1D3-D1905CE1F9DF}.Debug|Any CPU.Build.0 = Debug|Any CPU
		{85B4B5B5-AF24-4E54-A1D3-D1905CE1F9DF}.Debug|x64.ActiveCfg = Debug|Any CPU
		{85B4B5B5-AF24-4E54-A1D3-D1905CE1F9DF}.Debug|x64.Build.0 = Debug|Any CPU
		{85B4B5B5-AF24-4E54-A1D3-D1905CE1F9DF}.Debug|x86.ActiveCfg = Debug|Any CPU
		{85B4B5B5-AF24-4E54-A1D3-D1905CE1F9DF}.Debug|x86.Build.0 = Debug|Any CPU
		{85B4B5B5-AF24-4E54-A1D3-D1905CE1F9DF}.Release|Any CPU.ActiveCfg = Release|Any CPU
		{85B4B5B5-AF24-4E54-A1D3-D1905CE1F9DF}.Release|Any CPU.Build.0 = Release|Any CPU
		{85B4B5B5-AF24-4E54-A1D3-D1905CE1F9DF}.Release|x64.ActiveCfg = Release|Any CPU
		{85B4B5B5-AF24-4E54-A1D3-D1905CE1F9DF}.Release|x64.Build.0 = Release|Any CPU
		{85B4B5B5-AF24-4E54-A1D3-D1905CE1F9DF}.Release|x86.ActiveCfg = Release|Any CPU
		{85B4B5B5-AF24-4E54-A1D3-D1905CE1F9DF}.Release|x86.Build.0 = Release|Any CPU
		{50D9C614-BE6B-4069-BB6A-C6F3708C18DA}.Debug|Any CPU.ActiveCfg = Debug|Any CPU
		{50D9C614-BE6B-4069-BB6A-C6F3708C18DA}.Debug|Any CPU.Build.0 = Debug|Any CPU
		{50D9C614-BE6B-4069-BB6A-C6F3708C18DA}.Debug|x64.ActiveCfg = Debug|Any CPU
		{50D9C614-BE6B-4069-BB6A-C6F3708C18DA}.Debug|x64.Build.0 = Debug|Any CPU
		{50D9C614-BE6B-4069-BB6A-C6F3708C18DA}.Debug|x86.ActiveCfg = Debug|Any CPU
		{50D9C614-BE6B-4069-BB6A-C6F3708C18DA}.Debug|x86.Build.0 = Debug|Any CPU
		{50D9C614-BE6B-4069-BB6A-C6F3708C18DA}.Release|Any CPU.ActiveCfg = Release|Any CPU
		{50D9C614-BE6B-4069-BB6A-C6F3708C18DA}.Release|Any CPU.Build.0 = Release|Any CPU
		{50D9C614-BE6B-4069-BB6A-C6F3708C18DA}.Release|x64.ActiveCfg = Release|Any CPU
		{50D9C614-BE6B-4069-BB6A-C6F3708C18DA}.Release|x64.Build.0 = Release|Any CPU
		{50D9C614-BE6B-4069-BB6A-C6F3708C18DA}.Release|x86.ActiveCfg = Release|Any CPU
		{50D9C614-BE6B-4069-BB6A-C6F3708C18DA}.Release|x86.Build.0 = Release|Any CPU
		{68ADB16F-68E5-40E9-BF1D-26CA0C78B592}.Debug|Any CPU.ActiveCfg = Debug|Any CPU
		{68ADB16F-68E5-40E9-BF1D-26CA0C78B592}.Debug|Any CPU.Build.0 = Debug|Any CPU
		{68ADB16F-68E5-40E9-BF1D-26CA0C78B592}.Debug|x64.ActiveCfg = Debug|Any CPU
		{68ADB16F-68E5-40E9-BF1D-26CA0C78B592}.Debug|x64.Build.0 = Debug|Any CPU
		{68ADB16F-68E5-40E9-BF1D-26CA0C78B592}.Debug|x86.ActiveCfg = Debug|Any CPU
		{68ADB16F-68E5-40E9-BF1D-26CA0C78B592}.Debug|x86.Build.0 = Debug|Any CPU
		{68ADB16F-68E5-40E9-BF1D-26CA0C78B592}.Release|Any CPU.ActiveCfg = Release|Any CPU
		{68ADB16F-68E5-40E9-BF1D-26CA0C78B592}.Release|Any CPU.Build.0 = Release|Any CPU
		{68ADB16F-68E5-40E9-BF1D-26CA0C78B592}.Release|x64.ActiveCfg = Release|Any CPU
		{68ADB16F-68E5-40E9-BF1D-26CA0C78B592}.Release|x64.Build.0 = Release|Any CPU
		{68ADB16F-68E5-40E9-BF1D-26CA0C78B592}.Release|x86.ActiveCfg = Release|Any CPU
		{68ADB16F-68E5-40E9-BF1D-26CA0C78B592}.Release|x86.Build.0 = Release|Any CPU
		{7A344C93-458A-4942-9664-2989274ED284}.Debug|Any CPU.ActiveCfg = Debug|Any CPU
		{7A344C93-458A-4942-9664-2989274ED284}.Debug|Any CPU.Build.0 = Debug|Any CPU
		{7A344C93-458A-4942-9664-2989274ED284}.Debug|x64.ActiveCfg = Debug|Any CPU
		{7A344C93-458A-4942-9664-2989274ED284}.Debug|x64.Build.0 = Debug|Any CPU
		{7A344C93-458A-4942-9664-2989274ED284}.Debug|x86.ActiveCfg = Debug|Any CPU
		{7A344C93-458A-4942-9664-2989274ED284}.Debug|x86.Build.0 = Debug|Any CPU
		{7A344C93-458A-4942-9664-2989274ED284}.Release|Any CPU.ActiveCfg = Release|Any CPU
		{7A344C93-458A-4942-9664-2989274ED284}.Release|Any CPU.Build.0 = Release|Any CPU
		{7A344C93-458A-4942-9664-2989274ED284}.Release|x64.ActiveCfg = Release|Any CPU
		{7A344C93-458A-4942-9664-2989274ED284}.Release|x64.Build.0 = Release|Any CPU
		{7A344C93-458A-4942-9664-2989274ED284}.Release|x86.ActiveCfg = Release|Any CPU
		{7A344C93-458A-4942-9664-2989274ED284}.Release|x86.Build.0 = Release|Any CPU
		{3322405A-04C5-4392-9253-1F46D9732245}.Debug|Any CPU.ActiveCfg = Debug|Any CPU
		{3322405A-04C5-4392-9253-1F46D9732245}.Debug|Any CPU.Build.0 = Debug|Any CPU
		{3322405A-04C5-4392-9253-1F46D9732245}.Debug|x64.ActiveCfg = Debug|Any CPU
		{3322405A-04C5-4392-9253-1F46D9732245}.Debug|x64.Build.0 = Debug|Any CPU
		{3322405A-04C5-4392-9253-1F46D9732245}.Debug|x86.ActiveCfg = Debug|Any CPU
		{3322405A-04C5-4392-9253-1F46D9732245}.Debug|x86.Build.0 = Debug|Any CPU
		{3322405A-04C5-4392-9253-1F46D9732245}.Release|Any CPU.ActiveCfg = Release|Any CPU
		{3322405A-04C5-4392-9253-1F46D9732245}.Release|Any CPU.Build.0 = Release|Any CPU
		{3322405A-04C5-4392-9253-1F46D9732245}.Release|x64.ActiveCfg = Release|Any CPU
		{3322405A-04C5-4392-9253-1F46D9732245}.Release|x64.Build.0 = Release|Any CPU
		{3322405A-04C5-4392-9253-1F46D9732245}.Release|x86.ActiveCfg = Release|Any CPU
		{3322405A-04C5-4392-9253-1F46D9732245}.Release|x86.Build.0 = Release|Any CPU
		{F505D88C-9E9D-4528-8B76-8EEB9145DB40}.Debug|Any CPU.ActiveCfg = Debug|Any CPU
		{F505D88C-9E9D-4528-8B76-8EEB9145DB40}.Debug|Any CPU.Build.0 = Debug|Any CPU
		{F505D88C-9E9D-4528-8B76-8EEB9145DB40}.Debug|x64.ActiveCfg = Debug|Any CPU
		{F505D88C-9E9D-4528-8B76-8EEB9145DB40}.Debug|x64.Build.0 = Debug|Any CPU
		{F505D88C-9E9D-4528-8B76-8EEB9145DB40}.Debug|x86.ActiveCfg = Debug|Any CPU
		{F505D88C-9E9D-4528-8B76-8EEB9145DB40}.Debug|x86.Build.0 = Debug|Any CPU
		{F505D88C-9E9D-4528-8B76-8EEB9145DB40}.Release|Any CPU.ActiveCfg = Release|Any CPU
		{F505D88C-9E9D-4528-8B76-8EEB9145DB40}.Release|Any CPU.Build.0 = Release|Any CPU
		{F505D88C-9E9D-4528-8B76-8EEB9145DB40}.Release|x64.ActiveCfg = Release|Any CPU
		{F505D88C-9E9D-4528-8B76-8EEB9145DB40}.Release|x64.Build.0 = Release|Any CPU
		{F505D88C-9E9D-4528-8B76-8EEB9145DB40}.Release|x86.ActiveCfg = Release|Any CPU
		{F505D88C-9E9D-4528-8B76-8EEB9145DB40}.Release|x86.Build.0 = Release|Any CPU
		{8ACB1F45-6A63-42E6-BF61-3CDEE9201FA1}.Debug|Any CPU.ActiveCfg = Debug|Any CPU
		{8ACB1F45-6A63-42E6-BF61-3CDEE9201FA1}.Debug|Any CPU.Build.0 = Debug|Any CPU
		{8ACB1F45-6A63-42E6-BF61-3CDEE9201FA1}.Debug|x64.ActiveCfg = Debug|Any CPU
		{8ACB1F45-6A63-42E6-BF61-3CDEE9201FA1}.Debug|x64.Build.0 = Debug|Any CPU
		{8ACB1F45-6A63-42E6-BF61-3CDEE9201FA1}.Debug|x86.ActiveCfg = Debug|Any CPU
		{8ACB1F45-6A63-42E6-BF61-3CDEE9201FA1}.Debug|x86.Build.0 = Debug|Any CPU
		{8ACB1F45-6A63-42E6-BF61-3CDEE9201FA1}.Release|Any CPU.ActiveCfg = Release|Any CPU
		{8ACB1F45-6A63-42E6-BF61-3CDEE9201FA1}.Release|Any CPU.Build.0 = Release|Any CPU
		{8ACB1F45-6A63-42E6-BF61-3CDEE9201FA1}.Release|x64.ActiveCfg = Release|Any CPU
		{8ACB1F45-6A63-42E6-BF61-3CDEE9201FA1}.Release|x64.Build.0 = Release|Any CPU
		{8ACB1F45-6A63-42E6-BF61-3CDEE9201FA1}.Release|x86.ActiveCfg = Release|Any CPU
		{8ACB1F45-6A63-42E6-BF61-3CDEE9201FA1}.Release|x86.Build.0 = Release|Any CPU
	EndGlobalSection
	GlobalSection(SolutionProperties) = preSolution
		HideSolutionNode = FALSE
	EndGlobalSection
	GlobalSection(NestedProjects) = preSolution
		{85B4B5B5-AF24-4E54-A1D3-D1905CE1F9DF} = {827E0CD3-B72D-47B6-A68D-7590B98EB39B}
		{50D9C614-BE6B-4069-BB6A-C6F3708C18DA} = {827E0CD3-B72D-47B6-A68D-7590B98EB39B}
		{68ADB16F-68E5-40E9-BF1D-26CA0C78B592} = {827E0CD3-B72D-47B6-A68D-7590B98EB39B}
		{7A344C93-458A-4942-9664-2989274ED284} = {0AB3BF05-4346-4AA6-1389-037BE0695223}
		{3322405A-04C5-4392-9253-1F46D9732245} = {827E0CD3-B72D-47B6-A68D-7590B98EB39B}
		{F505D88C-9E9D-4528-8B76-8EEB9145DB40} = {0AB3BF05-4346-4AA6-1389-037BE0695223}
		{8ACB1F45-6A63-42E6-BF61-3CDEE9201FA1} = {827E0CD3-B72D-47B6-A68D-7590B98EB39B}
	EndGlobalSection
EndGlobal
